
Microsoft Visual Studio Solution File, Format Version 12.00
# Visual Studio 14
VisualStudioVersion = 14.0.25420.1
MinimumVisualStudioVersion = 10.0.40219.1
Project("{FAE04EC0-301F-11D3-BF4B-00C04F79EFBC}") = "W3S_GCS", "W3S_GCS.csproj", "{95D6E980-C86B-498E-811D-C94CA646ED94}"
EndProject
Project("{E24C65DC-7377-472B-9ABA-BC803B73C61A}") = "Umbraco8", "..\Umbraco8\", "{48B773CF-012F-4D4F-9148-1C6382C89339}"
	ProjectSection(WebsiteProperties) = preProject
		TargetFrameworkMoniker = ".NETFramework,Version%3Dv4.7.2"
		Debug.AspNetCompiler.VirtualPath = "/localhost_53543"
		Debug.AspNetCompiler.PhysicalPath = "..\Umbraco8\"
		Debug.AspNetCompiler.TargetPath = "PrecompiledWeb\localhost_53543\"
		Debug.AspNetCompiler.Updateable = "true"
		Debug.AspNetCompiler.ForceOverwrite = "true"
		Debug.AspNetCompiler.FixedNames = "false"
		Debug.AspNetCompiler.Debug = "True"
		Release.AspNetCompiler.VirtualPath = "/localhost_53543"
		Release.AspNetCompiler.PhysicalPath = "..\Umbraco8\"
		Release.AspNetCompiler.TargetPath = "PrecompiledWeb\localhost_53543\"
		Release.AspNetCompiler.Updateable = "true"
		Release.AspNetCompiler.ForceOverwrite = "true"
		Release.AspNetCompiler.FixedNames = "false"
		Release.AspNetCompiler.Debug = "False"
		VWDPort = "53543"
		SlnRelativePath = "..\Umbraco8\"
	EndProjectSection
EndProject
Global
	GlobalSection(SolutionConfigurationPlatforms) = preSolution
		Debug|Any CPU = Debug|Any CPU
		Release|Any CPU = Release|Any CPU
	EndGlobalSection
	GlobalSection(ProjectConfigurationPlatforms) = postSolution
		{95D6E980-C86B-498E-811D-C94CA646ED94}.Debug|Any CPU.ActiveCfg = Debug|Any CPU
		{95D6E980-C86B-498E-811D-C94CA646ED94}.Debug|Any CPU.Build.0 = Debug|Any CPU
		{95D6E980-C86B-498E-811D-C94CA646ED94}.Release|Any CPU.ActiveCfg = Release|Any CPU
		{95D6E980-C86B-498E-811D-C94CA646ED94}.Release|Any CPU.Build.0 = Release|Any CPU
		{48B773CF-012F-4D4F-9148-1C6382C89339}.Debug|Any CPU.ActiveCfg = Debug|Any CPU
		{48B773CF-012F-4D4F-9148-1C6382C89339}.Debug|Any CPU.Build.0 = Debug|Any CPU
		{48B773CF-012F-4D4F-9148-1C6382C89339}.Release|Any CPU.ActiveCfg = Debug|Any CPU
		{48B773CF-012F-4D4F-9148-1C6382C89339}.Release|Any CPU.Build.0 = Debug|Any CPU
	EndGlobalSection
	GlobalSection(SolutionProperties) = preSolution
		HideSolutionNode = FALSE
	EndGlobalSection
EndGlobal
